<?xml version="1.0" encoding="utf-8"?>
<Project DefaultTargets="Build" ToolsVersion="4.0" xmlns="http://schemas.microsoft.com/developer/msbuild/2003">
  <PropertyGroup>
    <Configuration Condition=" '$(Configuration)' == '' ">Debug</Configuration>
    <Platform Condition=" '$(Platform)' == '' ">AnyCPU</Platform>
    <ProjectGuid>{94A53CE0-9E00-4FBB-896E-D5861B78D4B5}</ProjectGuid>
    <Compiler>DMD2</Compiler>
    <PreferOneStepBuild>true</PreferOneStepBuild>
    <UseDefaultCompiler>true</UseDefaultCompiler>
    <IncrementalLinking>true</IncrementalLinking>
  </PropertyGroup>
  <PropertyGroup Condition=" '$(Configuration)|$(Platform)' == 'Debug|AnyCPU' ">
    <DebugSymbols>true</DebugSymbols>
    <OutputPath>bin\Debug</OutputPath>
    <ObjectsDirectory>obj/Debug</ObjectsDirectory>
    <LinkinThirdPartyLibraries>false</LinkinThirdPartyLibraries>
    <UnittestMode>false</UnittestMode>
    <OutputName>DAB-Zilla</OutputName>
    <Target>Executable</Target>
    <Externalconsole>true</Externalconsole>
    <DebugLevel>0</DebugLevel>
  </PropertyGroup>
  <PropertyGroup Condition=" '$(Configuration)|$(Platform)' == 'Release|AnyCPU' ">
    <OutputPath>bin\Release</OutputPath>
    <ObjectsDirectory>obj/Release</ObjectsDirectory>
    <LinkinThirdPartyLibraries>false</LinkinThirdPartyLibraries>
    <UnittestMode>false</UnittestMode>
    <OutputName>DAB-Zilla</OutputName>
    <Target>Executable</Target>
    <Externalconsole>true</Externalconsole>
    <DebugLevel>0</DebugLevel>
  </PropertyGroup>
  <PropertyGroup Condition=" '$(Configuration)|$(Platform)' == 'Unittest|AnyCPU' ">
    <DebugSymbols>true</DebugSymbols>
    <OutputPath>bin\Unittest</OutputPath>
    <ObjectsDirectory>obj/Unittest</ObjectsDirectory>
    <LinkinThirdPartyLibraries>false</LinkinThirdPartyLibraries>
    <UnittestMode>true</UnittestMode>
    <OutputName>DAB-Zilla</OutputName>
    <Target>Executable</Target>
    <Externalconsole>true</Externalconsole>
    <DebugLevel>0</DebugLevel>
  </PropertyGroup>
  <ItemGroup>
    <None Include="glade\DAB.glade">
      <Generator>glade</Generator>
    </None>
    <None Include="icons\minus.png" />
    <None Include="icons\muteOn.png" />
    <None Include="icons\plus.png" />
    <None Include="include\datatype.h" />
    <None Include="include\mot.h" />
    <None Include="slides\1000.jpg" />
    <None Include="slides\default.jpg" />
    <None Include="src\KeystoneWrapper.cpp" />
    <None Include="libkeystonecomm.so" />
    <None Include="model\Controller.zargo" />
    <None Include="Makefile" />
    <None Include="icons\hardMute.svg" />
  </ItemGroup>
  <ItemGroup>
    <Folder Include="icons\" />
    <Folder Include="slides\" />
    <Folder Include="src\" />
    <Folder Include="model\" />
  </ItemGroup>
  <ItemGroup>
    <Compile Include="src\DABControl.d" />
    <Compile Include="src\DABController.d" />
    <Compile Include="src\DABInfo.d" />
    <Compile Include="src\DABInfoString.d" />
    <Compile Include="src\DABState.d" />
    <Compile Include="src\DABStation.d" />
    <Compile Include="src\DABStationColumn.d" />
    <Compile Include="src\DABZilla.d" />
    <Compile Include="src\GUIBuilder.d" />
    <Compile Include="src\Keystone.d" />
    <Compile Include="src\Keystone_mock.d" />
    <Compile Include="src\Store.d" />
    <Compile Include="src\UI.d" />
  </ItemGroup>
</Project>